github.com/lieslycat/no_imp v0.0.0 h1:K8M2pClkNx+nwxO5ubV5hlpcc4EHKtxmUGiUwgAgjVo=
github.com/lieslycat/no_imp v0.0.0/go.mod h1:Htw1taAd+Z6YQ1PggCOnz4zge26IxMmUQvo+Ehft/lQ=
github.com/lieslycat/no_interface v0.0.0 h1:wZmhButnEDlsRyrVBG3DxISgEmU4VGiRO7qqwIVcqRs=
github.com/lieslycat/no_interface v0.0.0/go.mod h1:/5J20sV952sYqsYzlqFTQ5Hmk6MQmmAiU1u3Rla9hp4=
